// !$*UTF8*$!
{
	archiveVersion = 1;
	classes = {
	};
	objectVersion = 56;
	objects = {

/* Begin PBXBuildFile section */
		EC44D7DA29C714B00020FA52 /* LoginView.swift in Sources */ = {isa = PBXBuildFile; fileRef = EC44D7D929C714B00020FA52 /* LoginView.swift */; };
		EC44D7DD29C784D80020FA52 /* Validator.swift in Sources */ = {isa = PBXBuildFile; fileRef = EC44D7DC29C784D80020FA52 /* Validator.swift */; };
		EC44D7E029C7866B0020FA52 /* UserModel.swift in Sources */ = {isa = PBXBuildFile; fileRef = EC44D7DF29C7866B0020FA52 /* UserModel.swift */; };
		EC610F1F29DF045600F1CFFA /* CollectionViewBrands.swift in Sources */ = {isa = PBXBuildFile; fileRef = EC610F1E29DF045600F1CFFA /* CollectionViewBrands.swift */; };
		EC7B50AA29BF9852002F387D /* Montserrat-Medium.ttf in Resources */ = {isa = PBXBuildFile; fileRef = EC7B50A929BF9852002F387D /* Montserrat-Medium.ttf */; };
		EC7B50AC29BF9876002F387D /* Montserrat-Regular.ttf in Resources */ = {isa = PBXBuildFile; fileRef = EC7B50AB29BF9876002F387D /* Montserrat-Regular.ttf */; };
		EC7B50AE29BF988F002F387D /* Montserrat-Light.ttf in Resources */ = {isa = PBXBuildFile; fileRef = EC7B50AD29BF988F002F387D /* Montserrat-Light.ttf */; };
		EC7B50B029BF98B2002F387D /* Montserrat-Bold.ttf in Resources */ = {isa = PBXBuildFile; fileRef = EC7B50AF29BF98B2002F387D /* Montserrat-Bold.ttf */; };
		EC7B50B429BF99A1002F387D /* CommonColor.swift in Sources */ = {isa = PBXBuildFile; fileRef = EC7B50B329BF99A1002F387D /* CommonColor.swift */; };
		EC7B50B629BF99B1002F387D /* UIColor+Ext.swift in Sources */ = {isa = PBXBuildFile; fileRef = EC7B50B529BF99B1002F387D /* UIColor+Ext.swift */; };
		EC7B50B829BF99D2002F387D /* UIFont+Ext.swift in Sources */ = {isa = PBXBuildFile; fileRef = EC7B50B729BF99D2002F387D /* UIFont+Ext.swift */; };
		EC7B50BB29BF9A0F002F387D /* UILabel+Ext.swift in Sources */ = {isa = PBXBuildFile; fileRef = EC7B50BA29BF9A0F002F387D /* UILabel+Ext.swift */; };
		EC7B50BD29BF9A29002F387D /* UIButton+Ext.swift in Sources */ = {isa = PBXBuildFile; fileRef = EC7B50BC29BF9A29002F387D /* UIButton+Ext.swift */; };
		EC7B50BF29BFA83D002F387D /* UITextField+Ext.swift in Sources */ = {isa = PBXBuildFile; fileRef = EC7B50BE29BFA83D002F387D /* UITextField+Ext.swift */; };
		EC7B50C129BFBEC9002F387D /* UIImage+Ext.swift in Sources */ = {isa = PBXBuildFile; fileRef = EC7B50C029BFBEC9002F387D /* UIImage+Ext.swift */; };
		ECA8A00E29BF6A8600C42489 /* AppDelegate.swift in Sources */ = {isa = PBXBuildFile; fileRef = ECA8A00D29BF6A8600C42489 /* AppDelegate.swift */; };
		ECA8A01229BF6A8600C42489 /* LoginViewController.swift in Sources */ = {isa = PBXBuildFile; fileRef = ECA8A01129BF6A8600C42489 /* LoginViewController.swift */; };
		ECA8A01729BF6A8700C42489 /* Assets.xcassets in Resources */ = {isa = PBXBuildFile; fileRef = ECA8A01629BF6A8700C42489 /* Assets.xcassets */; };
		ECA8A01A29BF6A8700C42489 /* LaunchScreen.storyboard in Resources */ = {isa = PBXBuildFile; fileRef = ECA8A01829BF6A8700C42489 /* LaunchScreen.storyboard */; };
		ECA8A02229BF6FE700C42489 /* Coordinator.swift in Sources */ = {isa = PBXBuildFile; fileRef = ECA8A02129BF6FE700C42489 /* Coordinator.swift */; };
		ECA8A02429BF701200C42489 /* AppCoordinator.swift in Sources */ = {isa = PBXBuildFile; fileRef = ECA8A02329BF701200C42489 /* AppCoordinator.swift */; };
		ECA8A02729BF7E4700C42489 /* RegisterViewController.swift in Sources */ = {isa = PBXBuildFile; fileRef = ECA8A02629BF7E4700C42489 /* RegisterViewController.swift */; };
		ECA8A02A29BF7FC100C42489 /* LoginViewModel.swift in Sources */ = {isa = PBXBuildFile; fileRef = ECA8A02929BF7FC100C42489 /* LoginViewModel.swift */; };
		ECA8A02C29BF806500C42489 /* RegisterViewModel.swift in Sources */ = {isa = PBXBuildFile; fileRef = ECA8A02B29BF806500C42489 /* RegisterViewModel.swift */; };
		ECB9E7E229DFFB03009DEADF /* ModelFlashSale.swift in Sources */ = {isa = PBXBuildFile; fileRef = ECB9E7E129DFFB03009DEADF /* ModelFlashSale.swift */; };
		ECB9E7FD29E05D45009DEADF /* NetworkService.swift in Sources */ = {isa = PBXBuildFile; fileRef = ECB9E7FC29E05D45009DEADF /* NetworkService.swift */; };
		ECBFF05429DEC66D001A10F6 /* HeaderCell.swift in Sources */ = {isa = PBXBuildFile; fileRef = ECBFF05329DEC66D001A10F6 /* HeaderCell.swift */; };
		ECC2C89F29DF6DA900DDC9A8 /* BaseCell.swift in Sources */ = {isa = PBXBuildFile; fileRef = ECC2C89E29DF6DA900DDC9A8 /* BaseCell.swift */; };
		ECC2C8A129DF70D900DDC9A8 /* CellBalance.swift in Sources */ = {isa = PBXBuildFile; fileRef = ECC2C8A029DF70D900DDC9A8 /* CellBalance.swift */; };
		ECC3049029C064AE00DDCA7E /* Montserrat-SemiBold.ttf in Resources */ = {isa = PBXBuildFile; fileRef = ECC3048F29C064AE00DDCA7E /* Montserrat-SemiBold.ttf */; };
		ECC3049529C0780000DDCA7E /* RegistrationView.swift in Sources */ = {isa = PBXBuildFile; fileRef = ECC3049429C0780000DDCA7E /* RegistrationView.swift */; };
		ECC3049729C07AB900DDCA7E /* UIStackView+Ext.swift in Sources */ = {isa = PBXBuildFile; fileRef = ECC3049629C07AB900DDCA7E /* UIStackView+Ext.swift */; };
		ECC4231229CC8F47008A1314 /* UISearchBar+Ext.swift in Sources */ = {isa = PBXBuildFile; fileRef = ECC4231129CC8F47008A1314 /* UISearchBar+Ext.swift */; };
		ECC4B37F29C850EA006FFD4E /* HouseView.swift in Sources */ = {isa = PBXBuildFile; fileRef = ECC4B37E29C850EA006FFD4E /* HouseView.swift */; };
		ECC4B38529C851FB006FFD4E /* MainTabBarController.swift in Sources */ = {isa = PBXBuildFile; fileRef = ECC4B38429C851FB006FFD4E /* MainTabBarController.swift */; };
		ECC4B38C29C85401006FFD4E /* HouseViewController.swift in Sources */ = {isa = PBXBuildFile; fileRef = ECC4B38B29C85401006FFD4E /* HouseViewController.swift */; };
		ECC4B38E29C85471006FFD4E /* FovoriteViewController.swift in Sources */ = {isa = PBXBuildFile; fileRef = ECC4B38D29C85471006FFD4E /* FovoriteViewController.swift */; };
		ECC4B39029C85486006FFD4E /* ShoppingViewController.swift in Sources */ = {isa = PBXBuildFile; fileRef = ECC4B38F29C85486006FFD4E /* ShoppingViewController.swift */; };
		ECC4B39229C854BD006FFD4E /* MessageViewController.swift in Sources */ = {isa = PBXBuildFile; fileRef = ECC4B39129C854BD006FFD4E /* MessageViewController.swift */; };
		ECC4B39429C854D1006FFD4E /* PersonViewController.swift in Sources */ = {isa = PBXBuildFile; fileRef = ECC4B39329C854D1006FFD4E /* PersonViewController.swift */; };
		ECC4B39629C85653006FFD4E /* PersonView.swift in Sources */ = {isa = PBXBuildFile; fileRef = ECC4B39529C85653006FFD4E /* PersonView.swift */; };
		ECC4B39829C8572D006FFD4E /* MainTabBarViewModel.swift in Sources */ = {isa = PBXBuildFile; fileRef = ECC4B39729C8572D006FFD4E /* MainTabBarViewModel.swift */; };
		ECC5236F29E6AB3200BDEF00 /* Resources.swift in Sources */ = {isa = PBXBuildFile; fileRef = ECC5236E29E6AB3200BDEF00 /* Resources.swift */; };
		ECC89CD229CB0462001050C4 /* CellWithChevron.swift in Sources */ = {isa = PBXBuildFile; fileRef = ECC89CD129CB0462001050C4 /* CellWithChevron.swift */; };
		ECC89CD529CB3843001050C4 /* ModelCellTableView.swift in Sources */ = {isa = PBXBuildFile; fileRef = ECC89CD429CB3843001050C4 /* ModelCellTableView.swift */; };
		ECCA493129E1C2C100FDE892 /* NetworkDataFetch.swift in Sources */ = {isa = PBXBuildFile; fileRef = ECCA493029E1C2C100FDE892 /* NetworkDataFetch.swift */; };
		ECCA493429E1CD3B00FDE892 /* UserDefaultsManager.swift in Sources */ = {isa = PBXBuildFile; fileRef = ECCA493329E1CD3B00FDE892 /* UserDefaultsManager.swift */; };
		ECCA493629E1E6E700FDE892 /* UIViewController+Ext.swift in Sources */ = {isa = PBXBuildFile; fileRef = ECCA493529E1E6E700FDE892 /* UIViewController+Ext.swift */; };
		ECE04FBD29CED35800936230 /* CollectionViewCategories.swift in Sources */ = {isa = PBXBuildFile; fileRef = ECE04FBC29CED35800936230 /* CollectionViewCategories.swift */; };
		ECE04FC129CEE96400936230 /* ModelCollectionViewCategories.swift in Sources */ = {isa = PBXBuildFile; fileRef = ECE04FC029CEE96400936230 /* ModelCollectionViewCategories.swift */; };
		ECE04FC429CEEB6400936230 /* ModelLatest.swift in Sources */ = {isa = PBXBuildFile; fileRef = ECE04FC329CEEB6400936230 /* ModelLatest.swift */; };
		ECE04FC629CEF8FA00936230 /* CollectionViewLatest.swift in Sources */ = {isa = PBXBuildFile; fileRef = ECE04FC529CEF8FA00936230 /* CollectionViewLatest.swift */; };
		ECE6E9AE29DE05F9004D632B /* CollectionViewFlashSale.swift in Sources */ = {isa = PBXBuildFile; fileRef = ECE6E9AD29DE05F9004D632B /* CollectionViewFlashSale.swift */; };
/* End PBXBuildFile section */

/* Begin PBXFileReference section */
		EC44D7D929C714B00020FA52 /* LoginView.swift */ = {isa = PBXFileReference; lastKnownFileType = sourcecode.swift; path = LoginView.swift; sourceTree = "<group>"; };
		EC44D7DC29C784D80020FA52 /* Validator.swift */ = {isa = PBXFileReference; lastKnownFileType = sourcecode.swift; path = Validator.swift; sourceTree = "<group>"; };
		EC44D7DF29C7866B0020FA52 /* UserModel.swift */ = {isa = PBXFileReference; lastKnownFileType = sourcecode.swift; path = UserModel.swift; sourceTree = "<group>"; };
		EC610F1E29DF045600F1CFFA /* CollectionViewBrands.swift */ = {isa = PBXFileReference; lastKnownFileType = sourcecode.swift; path = CollectionViewBrands.swift; sourceTree = "<group>"; };
		EC7B50A929BF9852002F387D /* Montserrat-Medium.ttf */ = {isa = PBXFileReference; lastKnownFileType = file; path = "Montserrat-Medium.ttf"; sourceTree = "<group>"; };
		EC7B50AB29BF9876002F387D /* Montserrat-Regular.ttf */ = {isa = PBXFileReference; lastKnownFileType = file; path = "Montserrat-Regular.ttf"; sourceTree = "<group>"; };
		EC7B50AD29BF988F002F387D /* Montserrat-Light.ttf */ = {isa = PBXFileReference; lastKnownFileType = file; path = "Montserrat-Light.ttf"; sourceTree = "<group>"; };
		EC7B50AF29BF98B2002F387D /* Montserrat-Bold.ttf */ = {isa = PBXFileReference; lastKnownFileType = file; path = "Montserrat-Bold.ttf"; sourceTree = "<group>"; };
		EC7B50B329BF99A1002F387D /* CommonColor.swift */ = {isa = PBXFileReference; lastKnownFileType = sourcecode.swift; path = CommonColor.swift; sourceTree = "<group>"; };
		EC7B50B529BF99B1002F387D /* UIColor+Ext.swift */ = {isa = PBXFileReference; lastKnownFileType = sourcecode.swift; path = "UIColor+Ext.swift"; sourceTree = "<group>"; };
		EC7B50B729BF99D2002F387D /* UIFont+Ext.swift */ = {isa = PBXFileReference; lastKnownFileType = sourcecode.swift; path = "UIFont+Ext.swift"; sourceTree = "<group>"; };
		EC7B50BA29BF9A0F002F387D /* UILabel+Ext.swift */ = {isa = PBXFileReference; lastKnownFileType = sourcecode.swift; path = "UILabel+Ext.swift"; sourceTree = "<group>"; };
		EC7B50BC29BF9A29002F387D /* UIButton+Ext.swift */ = {isa = PBXFileReference; lastKnownFileType = sourcecode.swift; path = "UIButton+Ext.swift"; sourceTree = "<group>"; };
		EC7B50BE29BFA83D002F387D /* UITextField+Ext.swift */ = {isa = PBXFileReference; lastKnownFileType = sourcecode.swift; path = "UITextField+Ext.swift"; sourceTree = "<group>"; };
		EC7B50C029BFBEC9002F387D /* UIImage+Ext.swift */ = {isa = PBXFileReference; lastKnownFileType = sourcecode.swift; path = "UIImage+Ext.swift"; sourceTree = "<group>"; };
		ECA8A00A29BF6A8600C42489 /* TestTask.app */ = {isa = PBXFileReference; explicitFileType = wrapper.application; includeInIndex = 0; path = TestTask.app; sourceTree = BUILT_PRODUCTS_DIR; };
		ECA8A00D29BF6A8600C42489 /* AppDelegate.swift */ = {isa = PBXFileReference; lastKnownFileType = sourcecode.swift; path = AppDelegate.swift; sourceTree = "<group>"; };
		ECA8A01129BF6A8600C42489 /* LoginViewController.swift */ = {isa = PBXFileReference; lastKnownFileType = sourcecode.swift; path = LoginViewController.swift; sourceTree = "<group>"; };
		ECA8A01629BF6A8700C42489 /* Assets.xcassets */ = {isa = PBXFileReference; lastKnownFileType = folder.assetcatalog; path = Assets.xcassets; sourceTree = "<group>"; };
		ECA8A01929BF6A8700C42489 /* Base */ = {isa = PBXFileReference; lastKnownFileType = file.storyboard; name = Base; path = Base.lproj/LaunchScreen.storyboard; sourceTree = "<group>"; };
		ECA8A01B29BF6A8700C42489 /* Info.plist */ = {isa = PBXFileReference; lastKnownFileType = text.plist.xml; path = Info.plist; sourceTree = "<group>"; };
		ECA8A02129BF6FE700C42489 /* Coordinator.swift */ = {isa = PBXFileReference; lastKnownFileType = sourcecode.swift; path = Coordinator.swift; sourceTree = "<group>"; };
		ECA8A02329BF701200C42489 /* AppCoordinator.swift */ = {isa = PBXFileReference; lastKnownFileType = sourcecode.swift; path = AppCoordinator.swift; sourceTree = "<group>"; };
		ECA8A02629BF7E4700C42489 /* RegisterViewController.swift */ = {isa = PBXFileReference; lastKnownFileType = sourcecode.swift; path = RegisterViewController.swift; sourceTree = "<group>"; };
		ECA8A02929BF7FC100C42489 /* LoginViewModel.swift */ = {isa = PBXFileReference; lastKnownFileType = sourcecode.swift; path = LoginViewModel.swift; sourceTree = "<group>"; };
		ECA8A02B29BF806500C42489 /* RegisterViewModel.swift */ = {isa = PBXFileReference; lastKnownFileType = sourcecode.swift; path = RegisterViewModel.swift; sourceTree = "<group>"; };
		ECB9E7E129DFFB03009DEADF /* ModelFlashSale.swift */ = {isa = PBXFileReference; lastKnownFileType = sourcecode.swift; path = ModelFlashSale.swift; sourceTree = "<group>"; };
		ECB9E7FC29E05D45009DEADF /* NetworkService.swift */ = {isa = PBXFileReference; lastKnownFileType = sourcecode.swift; path = NetworkService.swift; sourceTree = "<group>"; };
		ECBFF05329DEC66D001A10F6 /* HeaderCell.swift */ = {isa = PBXFileReference; lastKnownFileType = sourcecode.swift; path = HeaderCell.swift; sourceTree = "<group>"; };
		ECC2C89E29DF6DA900DDC9A8 /* BaseCell.swift */ = {isa = PBXFileReference; lastKnownFileType = sourcecode.swift; path = BaseCell.swift; sourceTree = "<group>"; };
		ECC2C8A029DF70D900DDC9A8 /* CellBalance.swift */ = {isa = PBXFileReference; lastKnownFileType = sourcecode.swift; path = CellBalance.swift; sourceTree = "<group>"; };
		ECC3048F29C064AE00DDCA7E /* Montserrat-SemiBold.ttf */ = {isa = PBXFileReference; lastKnownFileType = file; path = "Montserrat-SemiBold.ttf"; sourceTree = "<group>"; };
		ECC3049429C0780000DDCA7E /* RegistrationView.swift */ = {isa = PBXFileReference; lastKnownFileType = sourcecode.swift; path = RegistrationView.swift; sourceTree = "<group>"; };
		ECC3049629C07AB900DDCA7E /* UIStackView+Ext.swift */ = {isa = PBXFileReference; lastKnownFileType = sourcecode.swift; path = "UIStackView+Ext.swift"; sourceTree = "<group>"; };
		ECC4231129CC8F47008A1314 /* UISearchBar+Ext.swift */ = {isa = PBXFileReference; lastKnownFileType = sourcecode.swift; path = "UISearchBar+Ext.swift"; sourceTree = "<group>"; };
		ECC4B37E29C850EA006FFD4E /* HouseView.swift */ = {isa = PBXFileReference; lastKnownFileType = sourcecode.swift; path = HouseView.swift; sourceTree = "<group>"; };
		ECC4B38429C851FB006FFD4E /* MainTabBarController.swift */ = {isa = PBXFileReference; lastKnownFileType = sourcecode.swift; path = MainTabBarController.swift; sourceTree = "<group>"; };
		ECC4B38B29C85401006FFD4E /* HouseViewController.swift */ = {isa = PBXFileReference; lastKnownFileType = sourcecode.swift; path = HouseViewController.swift; sourceTree = "<group>"; };
		ECC4B38D29C85471006FFD4E /* FovoriteViewController.swift */ = {isa = PBXFileReference; lastKnownFileType = sourcecode.swift; path = FovoriteViewController.swift; sourceTree = "<group>"; };
		ECC4B38F29C85486006FFD4E /* ShoppingViewController.swift */ = {isa = PBXFileReference; lastKnownFileType = sourcecode.swift; path = ShoppingViewController.swift; sourceTree = "<group>"; };
		ECC4B39129C854BD006FFD4E /* MessageViewController.swift */ = {isa = PBXFileReference; lastKnownFileType = sourcecode.swift; path = MessageViewController.swift; sourceTree = "<group>"; };
		ECC4B39329C854D1006FFD4E /* PersonViewController.swift */ = {isa = PBXFileReference; lastKnownFileType = sourcecode.swift; path = PersonViewController.swift; sourceTree = "<group>"; };
		ECC4B39529C85653006FFD4E /* PersonView.swift */ = {isa = PBXFileReference; lastKnownFileType = sourcecode.swift; path = PersonView.swift; sourceTree = "<group>"; };
		ECC4B39729C8572D006FFD4E /* MainTabBarViewModel.swift */ = {isa = PBXFileReference; lastKnownFileType = sourcecode.swift; path = MainTabBarViewModel.swift; sourceTree = "<group>"; };
		ECC5236E29E6AB3200BDEF00 /* Resources.swift */ = {isa = PBXFileReference; lastKnownFileType = sourcecode.swift; path = Resources.swift; sourceTree = "<group>"; };
		ECC89CD129CB0462001050C4 /* CellWithChevron.swift */ = {isa = PBXFileReference; lastKnownFileType = sourcecode.swift; path = CellWithChevron.swift; sourceTree = "<group>"; };
		ECC89CD429CB3843001050C4 /* ModelCellTableView.swift */ = {isa = PBXFileReference; lastKnownFileType = sourcecode.swift; path = ModelCellTableView.swift; sourceTree = "<group>"; };
		ECCA493029E1C2C100FDE892 /* NetworkDataFetch.swift */ = {isa = PBXFileReference; lastKnownFileType = sourcecode.swift; path = NetworkDataFetch.swift; sourceTree = "<group>"; };
		ECCA493329E1CD3B00FDE892 /* UserDefaultsManager.swift */ = {isa = PBXFileReference; lastKnownFileType = sourcecode.swift; path = UserDefaultsManager.swift; sourceTree = "<group>"; };
		ECCA493529E1E6E700FDE892 /* UIViewController+Ext.swift */ = {isa = PBXFileReference; lastKnownFileType = sourcecode.swift; path = "UIViewController+Ext.swift"; sourceTree = "<group>"; };
		ECE04FBC29CED35800936230 /* CollectionViewCategories.swift */ = {isa = PBXFileReference; lastKnownFileType = sourcecode.swift; path = CollectionViewCategories.swift; sourceTree = "<group>"; };
		ECE04FC029CEE96400936230 /* ModelCollectionViewCategories.swift */ = {isa = PBXFileReference; lastKnownFileType = sourcecode.swift; path = ModelCollectionViewCategories.swift; sourceTree = "<group>"; };
		ECE04FC329CEEB6400936230 /* ModelLatest.swift */ = {isa = PBXFileReference; lastKnownFileType = sourcecode.swift; path = ModelLatest.swift; sourceTree = "<group>"; };
		ECE04FC529CEF8FA00936230 /* CollectionViewLatest.swift */ = {isa = PBXFileReference; lastKnownFileType = sourcecode.swift; path = CollectionViewLatest.swift; sourceTree = "<group>"; };
		ECE6E9AD29DE05F9004D632B /* CollectionViewFlashSale.swift */ = {isa = PBXFileReference; lastKnownFileType = sourcecode.swift; path = CollectionViewFlashSale.swift; sourceTree = "<group>"; };
/* End PBXFileReference section */

/* Begin PBXFrameworksBuildPhase section */
		ECA8A00729BF6A8600C42489 /* Frameworks */ = {
			isa = PBXFrameworksBuildPhase;
			buildActionMask = 2147483647;
			files = (
			);
			runOnlyForDeploymentPostprocessing = 0;
		};
/* End PBXFrameworksBuildPhase section */

/* Begin PBXGroup section */
		EC44D7DB29C784BD0020FA52 /* Validator */ = {
			isa = PBXGroup;
			children = (
				EC44D7DC29C784D80020FA52 /* Validator.swift */,
			);
			path = Validator;
			sourceTree = "<group>";
		};
		EC44D7DE29C786330020FA52 /* Model */ = {
			isa = PBXGroup;
			children = (
				ECE04FBF29CEE94A00936230 /* ModelCollectionView */,
				ECC89CD329CB3833001050C4 /* ModelTableView */,
				ECB9E7F929E05C32009DEADF /* ModelUser */,
			);
			path = Model;
			sourceTree = "<group>";
		};
		EC7B50A729BF8EC9002F387D /* Cordinator */ = {
			isa = PBXGroup;
			children = (
				ECA8A02129BF6FE700C42489 /* Coordinator.swift */,
				ECA8A02329BF701200C42489 /* AppCoordinator.swift */,
			);
			path = Cordinator;
			sourceTree = "<group>";
		};
		EC7B50A829BF9628002F387D /* Fonts */ = {
			isa = PBXGroup;
			children = (
				EC7B50AF29BF98B2002F387D /* Montserrat-Bold.ttf */,
				ECC3048F29C064AE00DDCA7E /* Montserrat-SemiBold.ttf */,
				EC7B50A929BF9852002F387D /* Montserrat-Medium.ttf */,
				EC7B50AB29BF9876002F387D /* Montserrat-Regular.ttf */,
				EC7B50AD29BF988F002F387D /* Montserrat-Light.ttf */,
			);
			path = Fonts;
			sourceTree = "<group>";
		};
		EC7B50B129BF9973002F387D /* Extensions */ = {
			isa = PBXGroup;
			children = (
				EC7B50B529BF99B1002F387D /* UIColor+Ext.swift */,
				EC7B50B729BF99D2002F387D /* UIFont+Ext.swift */,
				EC7B50BA29BF9A0F002F387D /* UILabel+Ext.swift */,
				EC7B50BC29BF9A29002F387D /* UIButton+Ext.swift */,
				EC7B50BE29BFA83D002F387D /* UITextField+Ext.swift */,
				EC7B50C029BFBEC9002F387D /* UIImage+Ext.swift */,
				ECC3049629C07AB900DDCA7E /* UIStackView+Ext.swift */,
				ECC4231129CC8F47008A1314 /* UISearchBar+Ext.swift */,
				ECCA493529E1E6E700FDE892 /* UIViewController+Ext.swift */,
			);
			path = Extensions;
			sourceTree = "<group>";
		};
		EC7B50B229BF9981002F387D /* Untils */ = {
			isa = PBXGroup;
			children = (
				EC7B50B329BF99A1002F387D /* CommonColor.swift */,
			);
			path = Untils;
			sourceTree = "<group>";
		};
		ECA8A00129BF6A8600C42489 = {
			isa = PBXGroup;
			children = (
				ECA8A00C29BF6A8600C42489 /* TestTask */,
				ECA8A00B29BF6A8600C42489 /* Products */,
			);
			sourceTree = "<group>";
		};
		ECA8A00B29BF6A8600C42489 /* Products */ = {
			isa = PBXGroup;
			children = (
				ECA8A00A29BF6A8600C42489 /* TestTask.app */,
			);
			name = Products;
			sourceTree = "<group>";
		};
		ECA8A00C29BF6A8600C42489 /* TestTask */ = {
			isa = PBXGroup;
			children = (
				ECA8A02F29BF81AE00C42489 /* App */,
				ECC3049229C076D200DDCA7E /* Common */,
				EC44D7DE29C786330020FA52 /* Model */,
				ECB9E7E329DFFBD1009DEADF /* Networking */,
				ECCA493229E1CD1B00FDE892 /* Services */,
				ECC3049329C0771D00DDCA7E /* Sources */,
				ECA8A02E29BF819000C42489 /* Resources */,
			);
			path = TestTask;
			sourceTree = "<group>";
		};
		ECA8A02829BF7FAE00C42489 /* Login */ = {
			isa = PBXGroup;
			children = (
				ECA8A02929BF7FC100C42489 /* LoginViewModel.swift */,
				ECA8A01129BF6A8600C42489 /* LoginViewController.swift */,
				EC44D7D929C714B00020FA52 /* LoginView.swift */,
			);
			path = Login;
			sourceTree = "<group>";
		};
		ECA8A02D29BF817B00C42489 /* Registration */ = {
			isa = PBXGroup;
			children = (
				ECA8A02B29BF806500C42489 /* RegisterViewModel.swift */,
				ECA8A02629BF7E4700C42489 /* RegisterViewController.swift */,
				ECC3049429C0780000DDCA7E /* RegistrationView.swift */,
			);
			path = Registration;
			sourceTree = "<group>";
		};
		ECA8A02E29BF819000C42489 /* Resources */ = {
			isa = PBXGroup;
			children = (
				ECC5236E29E6AB3200BDEF00 /* Resources.swift */,
				EC7B50A829BF9628002F387D /* Fonts */,
				ECA8A01629BF6A8700C42489 /* Assets.xcassets */,
			);
			path = Resources;
			sourceTree = "<group>";
		};
		ECA8A02F29BF81AE00C42489 /* App */ = {
			isa = PBXGroup;
			children = (
				EC7B50A729BF8EC9002F387D /* Cordinator */,
				ECC3049129C0766900DDCA7E /* Settings */,
				ECA8A00D29BF6A8600C42489 /* AppDelegate.swift */,
				ECA8A01829BF6A8700C42489 /* LaunchScreen.storyboard */,
			);
			path = App;
			sourceTree = "<group>";
		};
		ECB9E7E329DFFBD1009DEADF /* Networking */ = {
			isa = PBXGroup;
			children = (
				ECB9E7FC29E05D45009DEADF /* NetworkService.swift */,
				ECCA493029E1C2C100FDE892 /* NetworkDataFetch.swift */,
			);
			path = Networking;
			sourceTree = "<group>";
		};
		ECB9E7F929E05C32009DEADF /* ModelUser */ = {
			isa = PBXGroup;
			children = (
				EC44D7DF29C7866B0020FA52 /* UserModel.swift */,
			);
			path = ModelUser;
			sourceTree = "<group>";
		};
		ECBFF05229DEC649001A10F6 /* HeaderCell */ = {
			isa = PBXGroup;
			children = (
				ECBFF05329DEC66D001A10F6 /* HeaderCell.swift */,
			);
			path = HeaderCell;
			sourceTree = "<group>";
		};
		ECC2C89929DF6AD700DDC9A8 /* HouseViewController */ = {
			isa = PBXGroup;
			children = (
				ECC4B38B29C85401006FFD4E /* HouseViewController.swift */,
			);
			path = HouseViewController;
			sourceTree = "<group>";
		};
		ECC2C89A29DF6AE000DDC9A8 /* HouseView */ = {
			isa = PBXGroup;
			children = (
				ECC4B37E29C850EA006FFD4E /* HouseView.swift */,
			);
			path = HouseView;
			sourceTree = "<group>";
		};
		ECC2C89B29DF6B0700DDC9A8 /* PersonViewController */ = {
			isa = PBXGroup;
			children = (
				ECC4B39329C854D1006FFD4E /* PersonViewController.swift */,
			);
			path = PersonViewController;
			sourceTree = "<group>";
		};
		ECC2C89C29DF6B0F00DDC9A8 /* PersonView */ = {
			isa = PBXGroup;
			children = (
				ECC4B39529C85653006FFD4E /* PersonView.swift */,
			);
			path = PersonView;
			sourceTree = "<group>";
		};
		ECC2C89D29DF6B1700DDC9A8 /* Cell */ = {
			isa = PBXGroup;
			children = (
				ECC2C89E29DF6DA900DDC9A8 /* BaseCell.swift */,
				ECC89CD129CB0462001050C4 /* CellWithChevron.swift */,
				ECC2C8A029DF70D900DDC9A8 /* CellBalance.swift */,
			);
			path = Cell;
			sourceTree = "<group>";
		};
		ECC3049129C0766900DDCA7E /* Settings */ = {
			isa = PBXGroup;
			children = (
				ECA8A01B29BF6A8700C42489 /* Info.plist */,
			);
			path = Settings;
			sourceTree = "<group>";
		};
		ECC3049229C076D200DDCA7E /* Common */ = {
			isa = PBXGroup;
			children = (
				EC44D7DB29C784BD0020FA52 /* Validator */,
				EC7B50B229BF9981002F387D /* Untils */,
				EC7B50B129BF9973002F387D /* Extensions */,
			);
			path = Common;
			sourceTree = "<group>";
		};
		ECC3049329C0771D00DDCA7E /* Sources */ = {
			isa = PBXGroup;
			children = (
				ECA8A02D29BF817B00C42489 /* Registration */,
				ECA8A02829BF7FAE00C42489 /* Login */,
				ECC4B38229C851E1006FFD4E /* TabBar */,
			);
			path = Sources;
			sourceTree = "<group>";
		};
		ECC4231029CC7558008A1314 /* Controllers */ = {
			isa = PBXGroup;
			children = (
				ECC4B38629C85389006FFD4E /* House */,
				ECC4B38829C853AD006FFD4E /* Shopping */,
				ECC4B38729C85396006FFD4E /* Favorite */,
				ECC4B38929C853C2006FFD4E /* Message */,
				ECC4B38A29C853D9006FFD4E /* Person */,
			);
			path = Controllers;
			sourceTree = "<group>";
		};
		ECC4B38229C851E1006FFD4E /* TabBar */ = {
			isa = PBXGroup;
			children = (
				ECC4B39729C8572D006FFD4E /* MainTabBarViewModel.swift */,
				ECC4B38429C851FB006FFD4E /* MainTabBarController.swift */,
				ECC4231029CC7558008A1314 /* Controllers */,
			);
			path = TabBar;
			sourceTree = "<group>";
		};
		ECC4B38629C85389006FFD4E /* House */ = {
			isa = PBXGroup;
			children = (
				ECC2C89929DF6AD700DDC9A8 /* HouseViewController */,
				ECC2C89A29DF6AE000DDC9A8 /* HouseView */,
				ECE04FBE29CED40800936230 /* Cell */,
			);
			path = House;
			sourceTree = "<group>";
		};
		ECC4B38729C85396006FFD4E /* Favorite */ = {
			isa = PBXGroup;
			children = (
				ECC4B38D29C85471006FFD4E /* FovoriteViewController.swift */,
			);
			path = Favorite;
			sourceTree = "<group>";
		};
		ECC4B38829C853AD006FFD4E /* Shopping */ = {
			isa = PBXGroup;
			children = (
				ECC4B38F29C85486006FFD4E /* ShoppingViewController.swift */,
			);
			path = Shopping;
			sourceTree = "<group>";
		};
		ECC4B38929C853C2006FFD4E /* Message */ = {
			isa = PBXGroup;
			children = (
				ECC4B39129C854BD006FFD4E /* MessageViewController.swift */,
			);
			path = Message;
			sourceTree = "<group>";
		};
		ECC4B38A29C853D9006FFD4E /* Person */ = {
			isa = PBXGroup;
			children = (
				ECC2C89B29DF6B0700DDC9A8 /* PersonViewController */,
				ECC2C89C29DF6B0F00DDC9A8 /* PersonView */,
				ECC2C89D29DF6B1700DDC9A8 /* Cell */,
			);
			path = Person;
			sourceTree = "<group>";
		};
		ECC89CD329CB3833001050C4 /* ModelTableView */ = {
			isa = PBXGroup;
			children = (
				ECC89CD429CB3843001050C4 /* ModelCellTableView.swift */,
			);
			path = ModelTableView;
			sourceTree = "<group>";
		};
		ECCA493229E1CD1B00FDE892 /* Services */ = {
			isa = PBXGroup;
			children = (
				ECCA493329E1CD3B00FDE892 /* UserDefaultsManager.swift */,
			);
			path = Services;
			sourceTree = "<group>";
		};
		ECE04FBE29CED40800936230 /* Cell */ = {
			isa = PBXGroup;
			children = (
				ECBFF05229DEC649001A10F6 /* HeaderCell */,
				ECE04FBC29CED35800936230 /* CollectionViewCategories.swift */,
				ECE04FC529CEF8FA00936230 /* CollectionViewLatest.swift */,
				ECE6E9AD29DE05F9004D632B /* CollectionViewFlashSale.swift */,
				EC610F1E29DF045600F1CFFA /* CollectionViewBrands.swift */,
			);
			path = Cell;
			sourceTree = "<group>";
		};
		ECE04FBF29CEE94A00936230 /* ModelCollectionView */ = {
			isa = PBXGroup;
			children = (
				ECE04FC029CEE96400936230 /* ModelCollectionViewCategories.swift */,
				ECE04FC329CEEB6400936230 /* ModelLatest.swift */,
				ECB9E7E129DFFB03009DEADF /* ModelFlashSale.swift */,
			);
			path = ModelCollectionView;
			sourceTree = "<group>";
		};
/* End PBXGroup section */

/* Begin PBXNativeTarget section */
		ECA8A00929BF6A8600C42489 /* TestTask */ = {
			isa = PBXNativeTarget;
			buildConfigurationList = ECA8A01E29BF6A8700C42489 /* Build configuration list for PBXNativeTarget "TestTask" */;
			buildPhases = (
				ECA8A00629BF6A8600C42489 /* Sources */,
				ECA8A00729BF6A8600C42489 /* Frameworks */,
				ECA8A00829BF6A8600C42489 /* Resources */,
			);
			buildRules = (
			);
			dependencies = (
			);
			name = TestTask;
			productName = TestTask;
			productReference = ECA8A00A29BF6A8600C42489 /* TestTask.app */;
			productType = "com.apple.product-type.application";
		};
/* End PBXNativeTarget section */

/* Begin PBXProject section */
		ECA8A00229BF6A8600C42489 /* Project object */ = {
			isa = PBXProject;
			attributes = {
				BuildIndependentTargetsInParallel = 1;
				LastSwiftUpdateCheck = 1420;
				LastUpgradeCheck = 1420;
				TargetAttributes = {
					ECA8A00929BF6A8600C42489 = {
						CreatedOnToolsVersion = 14.2;
					};
				};
			};
			buildConfigurationList = ECA8A00529BF6A8600C42489 /* Build configuration list for PBXProject "TestTask" */;
			compatibilityVersion = "Xcode 14.0";
			developmentRegion = en;
			hasScannedForEncodings = 0;
			knownRegions = (
				en,
				Base,
			);
			mainGroup = ECA8A00129BF6A8600C42489;
			productRefGroup = ECA8A00B29BF6A8600C42489 /* Products */;
			projectDirPath = "";
			projectRoot = "";
			targets = (
				ECA8A00929BF6A8600C42489 /* TestTask */,
			);
		};
/* End PBXProject section */

/* Begin PBXResourcesBuildPhase section */
		ECA8A00829BF6A8600C42489 /* Resources */ = {
			isa = PBXResourcesBuildPhase;
			buildActionMask = 2147483647;
			files = (
				EC7B50AE29BF988F002F387D /* Montserrat-Light.ttf in Resources */,
				EC7B50AC29BF9876002F387D /* Montserrat-Regular.ttf in Resources */,
				EC7B50B029BF98B2002F387D /* Montserrat-Bold.ttf in Resources */,
				ECC3049029C064AE00DDCA7E /* Montserrat-SemiBold.ttf in Resources */,
				ECA8A01A29BF6A8700C42489 /* LaunchScreen.storyboard in Resources */,
				EC7B50AA29BF9852002F387D /* Montserrat-Medium.ttf in Resources */,
				ECA8A01729BF6A8700C42489 /* Assets.xcassets in Resources */,
			);
			runOnlyForDeploymentPostprocessing = 0;
		};
/* End PBXResourcesBuildPhase section */

/* Begin PBXSourcesBuildPhase section */
		ECA8A00629BF6A8600C42489 /* Sources */ = {
			isa = PBXSourcesBuildPhase;
			buildActionMask = 2147483647;
			files = (
				ECE04FC129CEE96400936230 /* ModelCollectionViewCategories.swift in Sources */,
				ECA8A02429BF701200C42489 /* AppCoordinator.swift in Sources */,
				ECC2C8A129DF70D900DDC9A8 /* CellBalance.swift in Sources */,
				ECC4B39029C85486006FFD4E /* ShoppingViewController.swift in Sources */,
				ECBFF05429DEC66D001A10F6 /* HeaderCell.swift in Sources */,
				ECC89CD229CB0462001050C4 /* CellWithChevron.swift in Sources */,
				ECB9E7E229DFFB03009DEADF /* ModelFlashSale.swift in Sources */,
				ECCA493129E1C2C100FDE892 /* NetworkDataFetch.swift in Sources */,
				EC7B50BB29BF9A0F002F387D /* UILabel+Ext.swift in Sources */,
				ECE04FBD29CED35800936230 /* CollectionViewCategories.swift in Sources */,
				ECC4B38529C851FB006FFD4E /* MainTabBarController.swift in Sources */,
				ECA8A02729BF7E4700C42489 /* RegisterViewController.swift in Sources */,
				ECC4B37F29C850EA006FFD4E /* HouseView.swift in Sources */,
				ECC4B39229C854BD006FFD4E /* MessageViewController.swift in Sources */,
				ECA8A02C29BF806500C42489 /* RegisterViewModel.swift in Sources */,
				ECA8A01229BF6A8600C42489 /* LoginViewController.swift in Sources */,
				EC7B50B829BF99D2002F387D /* UIFont+Ext.swift in Sources */,
				ECCA493629E1E6E700FDE892 /* UIViewController+Ext.swift in Sources */,
				ECC4B39429C854D1006FFD4E /* PersonViewController.swift in Sources */,
				ECC4B39629C85653006FFD4E /* PersonView.swift in Sources */,
				EC7B50BF29BFA83D002F387D /* UITextField+Ext.swift in Sources */,
				EC7B50C129BFBEC9002F387D /* UIImage+Ext.swift in Sources */,
				ECC4B39829C8572D006FFD4E /* MainTabBarViewModel.swift in Sources */,
				EC7B50B429BF99A1002F387D /* CommonColor.swift in Sources */,
				ECC3049529C0780000DDCA7E /* RegistrationView.swift in Sources */,
				EC44D7DD29C784D80020FA52 /* Validator.swift in Sources */,
				EC44D7DA29C714B00020FA52 /* LoginView.swift in Sources */,
				ECC4231229CC8F47008A1314 /* UISearchBar+Ext.swift in Sources */,
				ECA8A00E29BF6A8600C42489 /* AppDelegate.swift in Sources */,
				ECC3049729C07AB900DDCA7E /* UIStackView+Ext.swift in Sources */,
				EC44D7E029C7866B0020FA52 /* UserModel.swift in Sources */,
				ECC4B38E29C85471006FFD4E /* FovoriteViewController.swift in Sources */,
				EC610F1F29DF045600F1CFFA /* CollectionViewBrands.swift in Sources */,
				ECE04FC629CEF8FA00936230 /* CollectionViewLatest.swift in Sources */,
				ECE6E9AE29DE05F9004D632B /* CollectionViewFlashSale.swift in Sources */,
				ECC4B38C29C85401006FFD4E /* HouseViewController.swift in Sources */,
				ECC89CD529CB3843001050C4 /* ModelCellTableView.swift in Sources */,
				ECC5236F29E6AB3200BDEF00 /* Resources.swift in Sources */,
				EC7B50B629BF99B1002F387D /* UIColor+Ext.swift in Sources */,
				ECA8A02A29BF7FC100C42489 /* LoginViewModel.swift in Sources */,
				ECA8A02229BF6FE700C42489 /* Coordinator.swift in Sources */,
				ECC2C89F29DF6DA900DDC9A8 /* BaseCell.swift in Sources */,
				ECCA493429E1CD3B00FDE892 /* UserDefaultsManager.swift in Sources */,
				EC7B50BD29BF9A29002F387D /* UIButton+Ext.swift in Sources */,
				ECB9E7FD29E05D45009DEADF /* NetworkService.swift in Sources */,
				ECE04FC429CEEB6400936230 /* ModelLatest.swift in Sources */,
			);
			runOnlyForDeploymentPostprocessing = 0;
		};
/* End PBXSourcesBuildPhase section */

/* Begin PBXVariantGroup section */
		ECA8A01829BF6A8700C42489 /* LaunchScreen.storyboard */ = {
			isa = PBXVariantGroup;
			children = (
				ECA8A01929BF6A8700C42489 /* Base */,
			);
			name = LaunchScreen.storyboard;
			sourceTree = "<group>";
		};
/* End PBXVariantGroup section */

/* Begin XCBuildConfiguration section */
		ECA8A01C29BF6A8700C42489 /* Debug */ = {
			isa = XCBuildConfiguration;
			buildSettings = {
				ALWAYS_SEARCH_USER_PATHS = NO;
				CLANG_ANALYZER_NONNULL = YES;
				CLANG_ANALYZER_NUMBER_OBJECT_CONVERSION = YES_AGGRESSIVE;
				CLANG_CXX_LANGUAGE_STANDARD = "gnu++20";
				CLANG_ENABLE_MODULES = YES;
				CLANG_ENABLE_OBJC_ARC = YES;
				CLANG_ENABLE_OBJC_WEAK = YES;
				CLANG_WARN_BLOCK_CAPTURE_AUTORELEASING = YES;
				CLANG_WARN_BOOL_CONVERSION = YES;
				CLANG_WARN_COMMA = YES;
				CLANG_WARN_CONSTANT_CONVERSION = YES;
				CLANG_WARN_DEPRECATED_OBJC_IMPLEMENTATIONS = YES;
				CLANG_WARN_DIRECT_OBJC_ISA_USAGE = YES_ERROR;
				CLANG_WARN_DOCUMENTATION_COMMENTS = YES;
				CLANG_WARN_EMPTY_BODY = YES;
				CLANG_WARN_ENUM_CONVERSION = YES;
				CLANG_WARN_INFINITE_RECURSION = YES;
				CLANG_WARN_INT_CONVERSION = YES;
				CLANG_WARN_NON_LITERAL_NULL_CONVERSION = YES;
				CLANG_WARN_OBJC_IMPLICIT_RETAIN_SELF = YES;
				CLANG_WARN_OBJC_LITERAL_CONVERSION = YES;
				CLANG_WARN_OBJC_ROOT_CLASS = YES_ERROR;
				CLANG_WARN_QUOTED_INCLUDE_IN_FRAMEWORK_HEADER = YES;
				CLANG_WARN_RANGE_LOOP_ANALYSIS = YES;
				CLANG_WARN_STRICT_PROTOTYPES = YES;
				CLANG_WARN_SUSPICIOUS_MOVE = YES;
				CLANG_WARN_UNGUARDED_AVAILABILITY = YES_AGGRESSIVE;
				CLANG_WARN_UNREACHABLE_CODE = YES;
				CLANG_WARN__DUPLICATE_METHOD_MATCH = YES;
				COPY_PHASE_STRIP = NO;
				DEBUG_INFORMATION_FORMAT = dwarf;
				ENABLE_STRICT_OBJC_MSGSEND = YES;
				ENABLE_TESTABILITY = YES;
				GCC_C_LANGUAGE_STANDARD = gnu11;
				GCC_DYNAMIC_NO_PIC = NO;
				GCC_NO_COMMON_BLOCKS = YES;
				GCC_OPTIMIZATION_LEVEL = 0;
				GCC_PREPROCESSOR_DEFINITIONS = (
					"DEBUG=1",
					"$(inherited)",
				);
				GCC_WARN_64_TO_32_BIT_CONVERSION = YES;
				GCC_WARN_ABOUT_RETURN_TYPE = YES_ERROR;
				GCC_WARN_UNDECLARED_SELECTOR = YES;
				GCC_WARN_UNINITIALIZED_AUTOS = YES_AGGRESSIVE;
				GCC_WARN_UNUSED_FUNCTION = YES;
				GCC_WARN_UNUSED_VARIABLE = YES;
				INFOPLIST_KEY_UIApplicationSceneManifest_Generation = NO;
				IPHONEOS_DEPLOYMENT_TARGET = 14.5;
				MTL_ENABLE_DEBUG_INFO = INCLUDE_SOURCE;
				MTL_FAST_MATH = YES;
				ONLY_ACTIVE_ARCH = YES;
				SDKROOT = iphoneos;
				SWIFT_ACTIVE_COMPILATION_CONDITIONS = DEBUG;
				SWIFT_OPTIMIZATION_LEVEL = "-Onone";
			};
			name = Debug;
		};
		ECA8A01D29BF6A8700C42489 /* Release */ = {
			isa = XCBuildConfiguration;
			buildSettings = {
				ALWAYS_SEARCH_USER_PATHS = NO;
				CLANG_ANALYZER_NONNULL = YES;
				CLANG_ANALYZER_NUMBER_OBJECT_CONVERSION = YES_AGGRESSIVE;
				CLANG_CXX_LANGUAGE_STANDARD = "gnu++20";
				CLANG_ENABLE_MODULES = YES;
				CLANG_ENABLE_OBJC_ARC = YES;
				CLANG_ENABLE_OBJC_WEAK = YES;
				CLANG_WARN_BLOCK_CAPTURE_AUTORELEASING = YES;
				CLANG_WARN_BOOL_CONVERSION = YES;
				CLANG_WARN_COMMA = YES;
				CLANG_WARN_CONSTANT_CONVERSION = YES;
				CLANG_WARN_DEPRECATED_OBJC_IMPLEMENTATIONS = YES;
				CLANG_WARN_DIRECT_OBJC_ISA_USAGE = YES_ERROR;
				CLANG_WARN_DOCUMENTATION_COMMENTS = YES;
				CLANG_WARN_EMPTY_BODY = YES;
				CLANG_WARN_ENUM_CONVERSION = YES;
				CLANG_WARN_INFINITE_RECURSION = YES;
				CLANG_WARN_INT_CONVERSION = YES;
				CLANG_WARN_NON_LITERAL_NULL_CONVERSION = YES;
				CLANG_WARN_OBJC_IMPLICIT_RETAIN_SELF = YES;
				CLANG_WARN_OBJC_LITERAL_CONVERSION = YES;
				CLANG_WARN_OBJC_ROOT_CLASS = YES_ERROR;
				CLANG_WARN_QUOTED_INCLUDE_IN_FRAMEWORK_HEADER = YES;
				CLANG_WARN_RANGE_LOOP_ANALYSIS = YES;
				CLANG_WARN_STRICT_PROTOTYPES = YES;
				CLANG_WARN_SUSPICIOUS_MOVE = YES;
				CLANG_WARN_UNGUARDED_AVAILABILITY = YES_AGGRESSIVE;
				CLANG_WARN_UNREACHABLE_CODE = YES;
				CLANG_WARN__DUPLICATE_METHOD_MATCH = YES;
				COPY_PHASE_STRIP = NO;
				DEBUG_INFORMATION_FORMAT = "dwarf-with-dsym";
				ENABLE_NS_ASSERTIONS = NO;
				ENABLE_STRICT_OBJC_MSGSEND = YES;
				GCC_C_LANGUAGE_STANDARD = gnu11;
				GCC_NO_COMMON_BLOCKS = YES;
				GCC_WARN_64_TO_32_BIT_CONVERSION = YES;
				GCC_WARN_ABOUT_RETURN_TYPE = YES_ERROR;
				GCC_WARN_UNDECLARED_SELECTOR = YES;
				GCC_WARN_UNINITIALIZED_AUTOS = YES_AGGRESSIVE;
				GCC_WARN_UNUSED_FUNCTION = YES;
				GCC_WARN_UNUSED_VARIABLE = YES;
				IPHONEOS_DEPLOYMENT_TARGET = 14.5;
				MTL_ENABLE_DEBUG_INFO = NO;
				MTL_FAST_MATH = YES;
				SDKROOT = iphoneos;
				SWIFT_COMPILATION_MODE = wholemodule;
				SWIFT_OPTIMIZATION_LEVEL = "-O";
				VALIDATE_PRODUCT = YES;
			};
			name = Release;
		};
		ECA8A01F29BF6A8700C42489 /* Debug */ = {
			isa = XCBuildConfiguration;
			buildSettings = {
				ASSETCATALOG_COMPILER_APPICON_NAME = AppIcon;
				ASSETCATALOG_COMPILER_GLOBAL_ACCENT_COLOR_NAME = AccentColor;
				CODE_SIGN_STYLE = Automatic;
				CURRENT_PROJECT_VERSION = 1;
				DEVELOPMENT_TEAM = 3496F3A4HL;
				GENERATE_INFOPLIST_FILE = YES;
				INFOPLIST_FILE = TestTask/App/Settings/Info.plist;
				INFOPLIST_KEY_UIApplicationSupportsIndirectInputEvents = YES;
				INFOPLIST_KEY_UILaunchStoryboardName = LaunchScreen;
				INFOPLIST_KEY_UIMainStoryboardFile = "";
				INFOPLIST_KEY_UISupportedInterfaceOrientations_iPad = "UIInterfaceOrientationPortrait UIInterfaceOrientationPortraitUpsideDown UIInterfaceOrientationLandscapeLeft UIInterfaceOrientationLandscapeRight";
				INFOPLIST_KEY_UISupportedInterfaceOrientations_iPhone = "UIInterfaceOrientationPortrait UIInterfaceOrientationLandscapeLeft UIInterfaceOrientationLandscapeRight";
				IPHONEOS_DEPLOYMENT_TARGET = 14.5;
				LD_RUNPATH_SEARCH_PATHS = (
					"$(inherited)",
					"@executable_path/Frameworks",
				);
				MARKETING_VERSION = 1.0;
				PRODUCT_BUNDLE_IDENTIFIER = com.my.TestTask;
				PRODUCT_NAME = "$(TARGET_NAME)";
				SWIFT_EMIT_LOC_STRINGS = YES;
				SWIFT_VERSION = 5.0;
				TARGETED_DEVICE_FAMILY = "1,2";
			};
			name = Debug;
		};
		ECA8A02029BF6A8700C42489 /* Release */ = {
			isa = XCBuildConfiguration;
			buildSettings = {
				ASSETCATALOG_COMPILER_APPICON_NAME = AppIcon;
				ASSETCATALOG_COMPILER_GLOBAL_ACCENT_COLOR_NAME = AccentColor;
				CODE_SIGN_STYLE = Automatic;
				CURRENT_PROJECT_VERSION = 1;
				DEVELOPMENT_TEAM = 3496F3A4HL;
				GENERATE_INFOPLIST_FILE = YES;
				INFOPLIST_FILE = TestTask/App/Settings/Info.plist;
				INFOPLIST_KEY_UIApplicationSupportsIndirectInputEvents = YES;
				INFOPLIST_KEY_UILaunchStoryboardName = LaunchScreen;
				INFOPLIST_KEY_UIMainStoryboardFile = "";
				INFOPLIST_KEY_UISupportedInterfaceOrientations_iPad = "UIInterfaceOrientationPortrait UIInterfaceOrientationPortraitUpsideDown UIInterfaceOrientationLandscapeLeft UIInterfaceOrientationLandscapeRight";
				INFOPLIST_KEY_UISupportedInterfaceOrientations_iPhone = "UIInterfaceOrientationPortrait UIInterfaceOrientationLandscapeLeft UIInterfaceOrientationLandscapeRight";
				IPHONEOS_DEPLOYMENT_TARGET = 14.5;
				LD_RUNPATH_SEARCH_PATHS = (
					"$(inherited)",
					"@executable_path/Frameworks",
				);
				MARKETING_VERSION = 1.0;
				PRODUCT_BUNDLE_IDENTIFIER = com.my.TestTask;
				PRODUCT_NAME = "$(TARGET_NAME)";
				SWIFT_EMIT_LOC_STRINGS = YES;
				SWIFT_VERSION = 5.0;
				TARGETED_DEVICE_FAMILY = "1,2";
			};
			name = Release;
		};
/* End XCBuildConfiguration section */

/* Begin XCConfigurationList section */
		ECA8A00529BF6A8600C42489 /* Build configuration list for PBXProject "TestTask" */ = {
			isa = XCConfigurationList;
			buildConfigurations = (
				ECA8A01C29BF6A8700C42489 /* Debug */,
				ECA8A01D29BF6A8700C42489 /* Release */,
			);
			defaultConfigurationIsVisible = 0;
			defaultConfigurationName = Release;
		};
		ECA8A01E29BF6A8700C42489 /* Build configuration list for PBXNativeTarget "TestTask" */ = {
			isa = XCConfigurationList;
			buildConfigurations = (
				ECA8A01F29BF6A8700C42489 /* Debug */,
				ECA8A02029BF6A8700C42489 /* Release */,
			);
			defaultConfigurationIsVisible = 0;
			defaultConfigurationName = Release;
		};
/* End XCConfigurationList section */
	};
	rootObject = ECA8A00229BF6A8600C42489 /* Project object */;
}
